
Microsoft Visual Studio Solution File, Format Version 12.00
Project("{FAE04EC0-301F-11D3-BF4B-00C04F79EFBC}") = "CodeGen", "CodeGen\CodeGen.csproj", "{5CA75FB2-D1F0-4303-9F32-B587F6B24A9B}"
EndProject
Project("{FAE04EC0-301F-11D3-BF4B-00C04F79EFBC}") = "Tests", "Tests\Tests.csproj", "{415C58D1-8615-4009-8879-D3466C41D82C}"
EndProject
Project("{2150E333-8FDC-42A3-9474-1A3956D46DE8}") = "_", "_", "{F23F4B9F-F3F3-4A77-9783-6F2C12DE0C66}"
ProjectSection(SolutionItems) = preProject
	.gitattributes = .gitattributes
	.gitignore = .gitignore
	build.cake = build.cake
	build.cmd = build.cmd
	build.ps1 = build.ps1
	build.sh = build.sh
	gitversion.yml = gitversion.yml
EndProjectSection
EndProject
Project("{FAE04EC0-301F-11D3-BF4B-00C04F79EFBC}") = "Docs", "Docs\Docs.csproj", "{1E0F574B-0194-46A3-8F1D-12E90CB32FED}"
EndProject
Project("{FAE04EC0-301F-11D3-BF4B-00C04F79EFBC}") = "GoClient", "GoClient\GoClient.csproj", "{D2B02E0E-E0C6-4B97-84D9-5503F4F5A463}"
EndProject
Global
	GlobalSection(SolutionConfigurationPlatforms) = preSolution
		Debug|Any CPU = Debug|Any CPU
		Release|Any CPU = Release|Any CPU
	EndGlobalSection
	GlobalSection(ProjectConfigurationPlatforms) = postSolution
		{5CA75FB2-D1F0-4303-9F32-B587F6B24A9B}.Debug|Any CPU.ActiveCfg = Debug|Any CPU
		{5CA75FB2-D1F0-4303-9F32-B587F6B24A9B}.Debug|Any CPU.Build.0 = Debug|Any CPU
		{5CA75FB2-D1F0-4303-9F32-B587F6B24A9B}.Release|Any CPU.ActiveCfg = Release|Any CPU
		{5CA75FB2-D1F0-4303-9F32-B587F6B24A9B}.Release|Any CPU.Build.0 = Release|Any CPU
		{415C58D1-8615-4009-8879-D3466C41D82C}.Debug|Any CPU.ActiveCfg = Debug|Any CPU
		{415C58D1-8615-4009-8879-D3466C41D82C}.Debug|Any CPU.Build.0 = Debug|Any CPU
		{415C58D1-8615-4009-8879-D3466C41D82C}.Release|Any CPU.ActiveCfg = Release|Any CPU
		{415C58D1-8615-4009-8879-D3466C41D82C}.Release|Any CPU.Build.0 = Release|Any CPU
		{1E0F574B-0194-46A3-8F1D-12E90CB32FED}.Debug|Any CPU.ActiveCfg = Debug|Any CPU
		{1E0F574B-0194-46A3-8F1D-12E90CB32FED}.Debug|Any CPU.Build.0 = Debug|Any CPU
		{1E0F574B-0194-46A3-8F1D-12E90CB32FED}.Release|Any CPU.ActiveCfg = Release|Any CPU
		{1E0F574B-0194-46A3-8F1D-12E90CB32FED}.Release|Any CPU.Build.0 = Release|Any CPU
		{D2B02E0E-E0C6-4B97-84D9-5503F4F5A463}.Debug|Any CPU.ActiveCfg = Debug|Any CPU
		{D2B02E0E-E0C6-4B97-84D9-5503F4F5A463}.Debug|Any CPU.Build.0 = Debug|Any CPU
		{D2B02E0E-E0C6-4B97-84D9-5503F4F5A463}.Release|Any CPU.ActiveCfg = Release|Any CPU
		{D2B02E0E-E0C6-4B97-84D9-5503F4F5A463}.Release|Any CPU.Build.0 = Release|Any CPU
	EndGlobalSection
EndGlobal
